
Microsoft Visual Studio Solution File, Format Version 12.00
# Visual Studio 14
VisualStudioVersion = 14.0.25123.0
MinimumVisualStudioVersion = 10.0.40219.1
Project("{FAE04EC0-301F-11D3-BF4B-00C04F79EFBC}") = "AcountsLib", "AcountsLib\AcountsLib.csproj", "{60A2FBC6-3E72-4B7E-8A9F-D14D033CAD83}"
EndProject
Project("{FAE04EC0-301F-11D3-BF4B-00C04F79EFBC}") = "AcountsMain", "AcountsMain\AcountsMain.csproj", "{085DAA69-32EB-40AF-9429-E5548DF577D8}"
EndProject
Project("{FAE04EC0-301F-11D3-BF4B-00C04F79EFBC}") = "Acounts.Test", "Acounts.Test\Acounts.Test.csproj", "{97B8FCFE-0F6E-4D9D-87AF-0CD3E50CFF5B}"
EndProject
Global
	GlobalSection(SolutionConfigurationPlatforms) = preSolution
		Debug|Any CPU = Debug|Any CPU
		Release|Any CPU = Release|Any CPU
	EndGlobalSection
	GlobalSection(ProjectConfigurationPlatforms) = postSolution
		{60A2FBC6-3E72-4B7E-8A9F-D14D033CAD83}.Debug|Any CPU.ActiveCfg = Debug|Any CPU
		{60A2FBC6-3E72-4B7E-8A9F-D14D033CAD83}.Debug|Any CPU.Build.0 = Debug|Any CPU
		{60A2FBC6-3E72-4B7E-8A9F-D14D033CAD83}.Release|Any CPU.ActiveCfg = Release|Any CPU
		{60A2FBC6-3E72-4B7E-8A9F-D14D033CAD83}.Release|Any CPU.Build.0 = Release|Any CPU
		{085DAA69-32EB-40AF-9429-E5548DF577D8}.Debug|Any CPU.ActiveCfg = Debug|Any CPU
		{085DAA69-32EB-40AF-9429-E5548DF577D8}.Debug|Any CPU.Build.0 = Debug|Any CPU
		{085DAA69-32EB-40AF-9429-E5548DF577D8}.Release|Any CPU.ActiveCfg = Release|Any CPU
		{085DAA69-32EB-40AF-9429-E5548DF577D8}.Release|Any CPU.Build.0 = Release|Any CPU
		{97B8FCFE-0F6E-4D9D-87AF-0CD3E50CFF5B}.Debug|Any CPU.ActiveCfg = Debug|Any CPU
		{97B8FCFE-0F6E-4D9D-87AF-0CD3E50CFF5B}.Debug|Any CPU.Build.0 = Debug|Any CPU
		{97B8FCFE-0F6E-4D9D-87AF-0CD3E50CFF5B}.Release|Any CPU.ActiveCfg = Release|Any CPU
		{97B8FCFE-0F6E-4D9D-87AF-0CD3E50CFF5B}.Release|Any CPU.Build.0 = Release|Any CPU
	EndGlobalSection
	GlobalSection(SolutionProperties) = preSolution
		HideSolutionNode = FALSE
	EndGlobalSection
EndGlobal
