
Microsoft Visual Studio Solution File, Format Version 12.00
# Visual Studio 14
VisualStudioVersion = 14.0.25123.0
MinimumVisualStudioVersion = 10.0.40219.1
Project("{FAE04EC0-301F-11D3-BF4B-00C04F79EFBC}") = "GenericApp", "GenericApp\GenericApp.csproj", "{793D89F1-FED6-4BD8-BDC5-F8200A8B8997}"
EndProject
Project("{FAE04EC0-301F-11D3-BF4B-00C04F79EFBC}") = "MultiDictionary.Test", "MultiDictionary.Test\MultiDictionary.Test.csproj", "{FB2FE459-0B66-4EBF-9082-2E6F8C7A277B}"
EndProject
Global
	GlobalSection(SolutionConfigurationPlatforms) = preSolution
		Debug|Any CPU = Debug|Any CPU
		Release|Any CPU = Release|Any CPU
	EndGlobalSection
	GlobalSection(ProjectConfigurationPlatforms) = postSolution
		{793D89F1-FED6-4BD8-BDC5-F8200A8B8997}.Debug|Any CPU.ActiveCfg = Debug|Any CPU
		{793D89F1-FED6-4BD8-BDC5-F8200A8B8997}.Debug|Any CPU.Build.0 = Debug|Any CPU
		{793D89F1-FED6-4BD8-BDC5-F8200A8B8997}.Release|Any CPU.ActiveCfg = Release|Any CPU
		{793D89F1-FED6-4BD8-BDC5-F8200A8B8997}.Release|Any CPU.Build.0 = Release|Any CPU
		{FB2FE459-0B66-4EBF-9082-2E6F8C7A277B}.Debug|Any CPU.ActiveCfg = Debug|Any CPU
		{FB2FE459-0B66-4EBF-9082-2E6F8C7A277B}.Debug|Any CPU.Build.0 = Debug|Any CPU
		{FB2FE459-0B66-4EBF-9082-2E6F8C7A277B}.Release|Any CPU.ActiveCfg = Release|Any CPU
		{FB2FE459-0B66-4EBF-9082-2E6F8C7A277B}.Release|Any CPU.Build.0 = Release|Any CPU
	EndGlobalSection
	GlobalSection(SolutionProperties) = preSolution
		HideSolutionNode = FALSE
	EndGlobalSection
EndGlobal
